
Microsoft Visual Studio Solution File, Format Version 12.00
# Visual Studio 2012
Project("{FAE04EC0-301F-11D3-BF4B-00C04F79EFBC}") = "HelloWorld", "HelloWorld\HelloWorld.csproj", "{2315B7F5-9DE9-487C-B0B3-017AE60C6917}"
EndProject
Project("{FAE04EC0-301F-11D3-BF4B-00C04F79EFBC}") = "HelloWorld.iOS", "iOS\HelloWorld.iOS.csproj", "{028895E7-8583-4C74-B56A-1E1338D0D67F}"
EndProject
Project("{FAE04EC0-301F-11D3-BF4B-00C04F79EFBC}") = "HelloWorld.Droid", "Droid\HelloWorld.Droid.csproj", "{8AE012DB-6388-4890-B75C-C0BECEFEB931}"
EndProject
Global
	GlobalSection(SolutionConfigurationPlatforms) = preSolution
		Debug|Any CPU = Debug|Any CPU
		Release|Any CPU = Release|Any CPU
		Debug|iPhoneSimulator = Debug|iPhoneSimulator
		Release|iPhone = Release|iPhone
		Release|iPhoneSimulator = Release|iPhoneSimulator
		Debug|iPhone = Debug|iPhone
	EndGlobalSection
	GlobalSection(ProjectConfigurationPlatforms) = postSolution
		{2315B7F5-9DE9-487C-B0B3-017AE60C6917}.Debug|Any CPU.ActiveCfg = Debug|Any CPU
		{2315B7F5-9DE9-487C-B0B3-017AE60C6917}.Debug|Any CPU.Build.0 = Debug|Any CPU
		{2315B7F5-9DE9-487C-B0B3-017AE60C6917}.Release|Any CPU.ActiveCfg = Release|Any CPU
		{2315B7F5-9DE9-487C-B0B3-017AE60C6917}.Release|Any CPU.Build.0 = Release|Any CPU
		{2315B7F5-9DE9-487C-B0B3-017AE60C6917}.Debug|iPhoneSimulator.ActiveCfg = Debug|Any CPU
		{2315B7F5-9DE9-487C-B0B3-017AE60C6917}.Debug|iPhoneSimulator.Build.0 = Debug|Any CPU
		{2315B7F5-9DE9-487C-B0B3-017AE60C6917}.Release|iPhone.ActiveCfg = Release|Any CPU
		{2315B7F5-9DE9-487C-B0B3-017AE60C6917}.Release|iPhone.Build.0 = Release|Any CPU
		{2315B7F5-9DE9-487C-B0B3-017AE60C6917}.Release|iPhoneSimulator.ActiveCfg = Release|Any CPU
		{2315B7F5-9DE9-487C-B0B3-017AE60C6917}.Release|iPhoneSimulator.Build.0 = Release|Any CPU
		{2315B7F5-9DE9-487C-B0B3-017AE60C6917}.Debug|iPhone.ActiveCfg = Debug|Any CPU
		{2315B7F5-9DE9-487C-B0B3-017AE60C6917}.Debug|iPhone.Build.0 = Debug|Any CPU
		{028895E7-8583-4C74-B56A-1E1338D0D67F}.Debug|Any CPU.ActiveCfg = Debug|iPhoneSimulator
		{028895E7-8583-4C74-B56A-1E1338D0D67F}.Debug|Any CPU.Build.0 = Debug|iPhoneSimulator
		{028895E7-8583-4C74-B56A-1E1338D0D67F}.Release|Any CPU.ActiveCfg = Release|iPhone
		{028895E7-8583-4C74-B56A-1E1338D0D67F}.Release|Any CPU.Build.0 = Release|iPhone
		{028895E7-8583-4C74-B56A-1E1338D0D67F}.Debug|iPhoneSimulator.ActiveCfg = Debug|iPhoneSimulator
		{028895E7-8583-4C74-B56A-1E1338D0D67F}.Debug|iPhoneSimulator.Build.0 = Debug|iPhoneSimulator
		{028895E7-8583-4C74-B56A-1E1338D0D67F}.Release|iPhone.ActiveCfg = Release|iPhone
		{028895E7-8583-4C74-B56A-1E1338D0D67F}.Release|iPhone.Build.0 = Release|iPhone
		{028895E7-8583-4C74-B56A-1E1338D0D67F}.Release|iPhoneSimulator.ActiveCfg = Release|iPhoneSimulator
		{028895E7-8583-4C74-B56A-1E1338D0D67F}.Release|iPhoneSimulator.Build.0 = Release|iPhoneSimulator
		{028895E7-8583-4C74-B56A-1E1338D0D67F}.Debug|iPhone.ActiveCfg = Debug|iPhone
		{028895E7-8583-4C74-B56A-1E1338D0D67F}.Debug|iPhone.Build.0 = Debug|iPhone
		{8AE012DB-6388-4890-B75C-C0BECEFEB931}.Debug|Any CPU.ActiveCfg = Debug|Any CPU
		{8AE012DB-6388-4890-B75C-C0BECEFEB931}.Debug|Any CPU.Build.0 = Debug|Any CPU
		{8AE012DB-6388-4890-B75C-C0BECEFEB931}.Release|Any CPU.ActiveCfg = Release|Any CPU
		{8AE012DB-6388-4890-B75C-C0BECEFEB931}.Release|Any CPU.Build.0 = Release|Any CPU
		{8AE012DB-6388-4890-B75C-C0BECEFEB931}.Debug|iPhoneSimulator.ActiveCfg = Debug|Any CPU
		{8AE012DB-6388-4890-B75C-C0BECEFEB931}.Debug|iPhoneSimulator.Build.0 = Debug|Any CPU
		{8AE012DB-6388-4890-B75C-C0BECEFEB931}.Release|iPhone.ActiveCfg = Release|Any CPU
		{8AE012DB-6388-4890-B75C-C0BECEFEB931}.Release|iPhone.Build.0 = Release|Any CPU
		{8AE012DB-6388-4890-B75C-C0BECEFEB931}.Release|iPhoneSimulator.ActiveCfg = Release|Any CPU
		{8AE012DB-6388-4890-B75C-C0BECEFEB931}.Release|iPhoneSimulator.Build.0 = Release|Any CPU
		{8AE012DB-6388-4890-B75C-C0BECEFEB931}.Debug|iPhone.ActiveCfg = Debug|Any CPU
		{8AE012DB-6388-4890-B75C-C0BECEFEB931}.Debug|iPhone.Build.0 = Debug|Any CPU
	EndGlobalSection
EndGlobal
